// !$*UTF8*$!
{
	archiveVersion = 1;
	classes = {
	};
	objectVersion = 50;
	objects = {

/* Begin PBXBuildFile section */
		57E00106C35515850C505B60 /* Pods_UberClone.framework in Frameworks */ = {isa = PBXBuildFile; fileRef = 885ED3902F7E181B4D6F7FEF /* Pods_UberClone.framework */; };
		A903421120E9850900DA87F4 /* userLocationViewController.swift in Sources */ = {isa = PBXBuildFile; fileRef = A903421020E9850900DA87F4 /* userLocationViewController.swift */; };
		A90E3E0420E824BF00716ED0 /* AppDelegate.swift in Sources */ = {isa = PBXBuildFile; fileRef = A90E3E0320E824BF00716ED0 /* AppDelegate.swift */; };
		A90E3E0620E824BF00716ED0 /* ViewController.swift in Sources */ = {isa = PBXBuildFile; fileRef = A90E3E0520E824BF00716ED0 /* ViewController.swift */; };
		A90E3E0920E824BF00716ED0 /* Main.storyboard in Resources */ = {isa = PBXBuildFile; fileRef = A90E3E0720E824BF00716ED0 /* Main.storyboard */; };
		A90E3E0B20E824C100716ED0 /* Assets.xcassets in Resources */ = {isa = PBXBuildFile; fileRef = A90E3E0A20E824C100716ED0 /* Assets.xcassets */; };
		A90E3E0E20E824C100716ED0 /* LaunchScreen.storyboard in Resources */ = {isa = PBXBuildFile; fileRef = A90E3E0C20E824C100716ED0 /* LaunchScreen.storyboard */; };
		A90E3E1820E8274C00716ED0 /* GoogleService-Info.plist in Resources */ = {isa = PBXBuildFile; fileRef = A90E3E1720E8274C00716ED0 /* GoogleService-Info.plist */; };
		A999642120E83437007D73C4 /* LoginViewController.swift in Sources */ = {isa = PBXBuildFile; fileRef = A999642020E83437007D73C4 /* LoginViewController.swift */; };
		A9A9A6C620EED4A100AD0381 /* userRequestsTableViewController.swift in Sources */ = {isa = PBXBuildFile; fileRef = A9A9A6C520EED4A100AD0381 /* userRequestsTableViewController.swift */; };
/* End PBXBuildFile section */

/* Begin PBXFileReference section */
		1DFCF2563B16BF28A21B0780 /* Pods-UberClone.debug.xcconfig */ = {isa = PBXFileReference; includeInIndex = 1; lastKnownFileType = text.xcconfig; name = "Pods-UberClone.debug.xcconfig"; path = "Pods/Target Support Files/Pods-UberClone/Pods-UberClone.debug.xcconfig"; sourceTree = "<group>"; };
		885ED3902F7E181B4D6F7FEF /* Pods_UberClone.framework */ = {isa = PBXFileReference; explicitFileType = wrapper.framework; includeInIndex = 0; path = Pods_UberClone.framework; sourceTree = BUILT_PRODUCTS_DIR; };
		A903421020E9850900DA87F4 /* userLocationViewController.swift */ = {isa = PBXFileReference; lastKnownFileType = sourcecode.swift; path = userLocationViewController.swift; sourceTree = "<group>"; };
		A90E3E0020E824BF00716ED0 /* UberClone.app */ = {isa = PBXFileReference; explicitFileType = wrapper.application; includeInIndex = 0; path = UberClone.app; sourceTree = BUILT_PRODUCTS_DIR; };
		A90E3E0320E824BF00716ED0 /* AppDelegate.swift */ = {isa = PBXFileReference; lastKnownFileType = sourcecode.swift; path = AppDelegate.swift; sourceTree = "<group>"; };
		A90E3E0520E824BF00716ED0 /* ViewController.swift */ = {isa = PBXFileReference; lastKnownFileType = sourcecode.swift; path = ViewController.swift; sourceTree = "<group>"; };
		A90E3E0820E824BF00716ED0 /* Base */ = {isa = PBXFileReference; lastKnownFileType = file.storyboard; name = Base; path = Base.lproj/Main.storyboard; sourceTree = "<group>"; };
		A90E3E0A20E824C100716ED0 /* Assets.xcassets */ = {isa = PBXFileReference; lastKnownFileType = folder.assetcatalog; path = Assets.xcassets; sourceTree = "<group>"; };
		A90E3E0D20E824C100716ED0 /* Base */ = {isa = PBXFileReference; lastKnownFileType = file.storyboard; name = Base; path = Base.lproj/LaunchScreen.storyboard; sourceTree = "<group>"; };
		A90E3E0F20E824C100716ED0 /* Info.plist */ = {isa = PBXFileReference; lastKnownFileType = text.plist.xml; path = Info.plist; sourceTree = "<group>"; };
		A90E3E1720E8274C00716ED0 /* GoogleService-Info.plist */ = {isa = PBXFileReference; fileEncoding = 4; lastKnownFileType = text.plist.xml; path = "GoogleService-Info.plist"; sourceTree = SOURCE_ROOT; };
		A999642020E83437007D73C4 /* LoginViewController.swift */ = {isa = PBXFileReference; lastKnownFileType = sourcecode.swift; path = LoginViewController.swift; sourceTree = "<group>"; };
		A9A9A6C520EED4A100AD0381 /* userRequestsTableViewController.swift */ = {isa = PBXFileReference; lastKnownFileType = sourcecode.swift; path = userRequestsTableViewController.swift; sourceTree = "<group>"; };
		D98C7A8CF1D91EF7BCCFC633 /* Pods-UberClone.release.xcconfig */ = {isa = PBXFileReference; includeInIndex = 1; lastKnownFileType = text.xcconfig; name = "Pods-UberClone.release.xcconfig"; path = "Pods/Target Support Files/Pods-UberClone/Pods-UberClone.release.xcconfig"; sourceTree = "<group>"; };
/* End PBXFileReference section */

/* Begin PBXFrameworksBuildPhase section */
		A90E3DFD20E824BF00716ED0 /* Frameworks */ = {
			isa = PBXFrameworksBuildPhase;
			buildActionMask = 2147483647;
			files = (
				57E00106C35515850C505B60 /* Pods_UberClone.framework in Frameworks */,
			);
			runOnlyForDeploymentPostprocessing = 0;
		};
/* End PBXFrameworksBuildPhase section */

/* Begin PBXGroup section */
		35D697F4CB2DA7EE3E77821F /* Frameworks */ = {
			isa = PBXGroup;
			children = (
				885ED3902F7E181B4D6F7FEF /* Pods_UberClone.framework */,
			);
			name = Frameworks;
			sourceTree = "<group>";
		};
		A8990E662B7B05AE32D4209F /* Pods */ = {
			isa = PBXGroup;
			children = (
				1DFCF2563B16BF28A21B0780 /* Pods-UberClone.debug.xcconfig */,
				D98C7A8CF1D91EF7BCCFC633 /* Pods-UberClone.release.xcconfig */,
			);
			name = Pods;
			sourceTree = "<group>";
		};
		A90E3DF720E824BF00716ED0 = {
			isa = PBXGroup;
			children = (
				A90E3E0220E824BF00716ED0 /* UberClone */,
				A90E3E0120E824BF00716ED0 /* Products */,
				A8990E662B7B05AE32D4209F /* Pods */,
				35D697F4CB2DA7EE3E77821F /* Frameworks */,
			);
			sourceTree = "<group>";
		};
		A90E3E0120E824BF00716ED0 /* Products */ = {
			isa = PBXGroup;
			children = (
				A90E3E0020E824BF00716ED0 /* UberClone.app */,
			);
			name = Products;
			sourceTree = "<group>";
		};
		A90E3E0220E824BF00716ED0 /* UberClone */ = {
			isa = PBXGroup;
			children = (
				A90E3E0320E824BF00716ED0 /* AppDelegate.swift */,
				A90E3E0520E824BF00716ED0 /* ViewController.swift */,
				A999642020E83437007D73C4 /* LoginViewController.swift */,
				A903421020E9850900DA87F4 /* userLocationViewController.swift */,
				A9A9A6C520EED4A100AD0381 /* userRequestsTableViewController.swift */,
				A90E3E0720E824BF00716ED0 /* Main.storyboard */,
				A90E3E0A20E824C100716ED0 /* Assets.xcassets */,
				A90E3E0C20E824C100716ED0 /* LaunchScreen.storyboard */,
				A90E3E0F20E824C100716ED0 /* Info.plist */,
				A90E3E1720E8274C00716ED0 /* GoogleService-Info.plist */,
			);
			path = UberClone;
			sourceTree = "<group>";
		};
/* End PBXGroup section */

/* Begin PBXNativeTarget section */
		A90E3DFF20E824BF00716ED0 /* UberClone */ = {
			isa = PBXNativeTarget;
			buildConfigurationList = A90E3E1220E824C100716ED0 /* Build configuration list for PBXNativeTarget "UberClone" */;
			buildPhases = (
				523FD441DAACDD6B0853B277 /* [CP] Check Pods Manifest.lock */,
				A90E3DFC20E824BF00716ED0 /* Sources */,
				A90E3DFD20E824BF00716ED0 /* Frameworks */,
				A90E3DFE20E824BF00716ED0 /* Resources */,
				E53C56A18B55C7FB4637F473 /* [CP] Embed Pods Frameworks */,
			);
			buildRules = (
			);
			dependencies = (
			);
			name = UberClone;
			productName = UberClone;
			productReference = A90E3E0020E824BF00716ED0 /* UberClone.app */;
			productType = "com.apple.product-type.application";
		};
/* End PBXNativeTarget section */

/* Begin PBXProject section */
		A90E3DF820E824BF00716ED0 /* Project object */ = {
			isa = PBXProject;
			attributes = {
				LastSwiftUpdateCheck = 0940;
				LastUpgradeCheck = 0940;
				ORGANIZATIONNAME = "Eslam Moemen";
				TargetAttributes = {
					A90E3DFF20E824BF00716ED0 = {
						CreatedOnToolsVersion = 9.4.1;
						LastSwiftMigration = 1000;
					};
				};
			};
			buildConfigurationList = A90E3DFB20E824BF00716ED0 /* Build configuration list for PBXProject "UberClone" */;
			compatibilityVersion = "Xcode 9.3";
			developmentRegion = en;
			hasScannedForEncodings = 0;
			knownRegions = (
				en,
				Base,
			);
			mainGroup = A90E3DF720E824BF00716ED0;
			productRefGroup = A90E3E0120E824BF00716ED0 /* Products */;
			projectDirPath = "";
			projectRoot = "";
			targets = (
				A90E3DFF20E824BF00716ED0 /* UberClone */,
			);
		};
/* End PBXProject section */

/* Begin PBXResourcesBuildPhase section */
		A90E3DFE20E824BF00716ED0 /* Resources */ = {
			isa = PBXResourcesBuildPhase;
			buildActionMask = 2147483647;
			files = (
				A90E3E0E20E824C100716ED0 /* LaunchScreen.storyboard in Resources */,
				A90E3E1820E8274C00716ED0 /* GoogleService-Info.plist in Resources */,
				A90E3E0B20E824C100716ED0 /* Assets.xcassets in Resources */,
				A90E3E0920E824BF00716ED0 /* Main.storyboard in Resources */,
			);
			runOnlyForDeploymentPostprocessing = 0;
		};
/* End PBXResourcesBuildPhase section */

/* Begin PBXShellScriptBuildPhase section */
		523FD441DAACDD6B0853B277 /* [CP] Check Pods Manifest.lock */ = {
			isa = PBXShellScriptBuildPhase;
			buildActionMask = 2147483647;
			files = (
			);
			inputPaths = (
				"${PODS_PODFILE_DIR_PATH}/Podfile.lock",
				"${PODS_ROOT}/Manifest.lock",
			);
			name = "[CP] Check Pods Manifest.lock";
			outputPaths = (
				"$(DERIVED_FILE_DIR)/Pods-UberClone-checkManifestLockResult.txt",
			);
			runOnlyForDeploymentPostprocessing = 0;
			shellPath = /bin/sh;
			shellScript = "diff \"${PODS_PODFILE_DIR_PATH}/Podfile.lock\" \"${PODS_ROOT}/Manifest.lock\" > /dev/null\nif [ $? != 0 ] ; then\n    # print error to STDERR\n    echo \"error: The sandbox is not in sync with the Podfile.lock. Run 'pod install' or update your CocoaPods installation.\" >&2\n    exit 1\nfi\n# This output is used by Xcode 'outputs' to avoid re-running this script phase.\necho \"SUCCESS\" > \"${SCRIPT_OUTPUT_FILE_0}\"\n";
			showEnvVarsInLog = 0;
		};
		E53C56A18B55C7FB4637F473 /* [CP] Embed Pods Frameworks */ = {
			isa = PBXShellScriptBuildPhase;
			buildActionMask = 2147483647;
			files = (
			);
			inputPaths = (
				"${SRCROOT}/Pods/Target Support Files/Pods-UberClone/Pods-UberClone-frameworks.sh",
				"${BUILT_PRODUCTS_DIR}/GTMSessionFetcher/GTMSessionFetcher.framework",
				"${BUILT_PRODUCTS_DIR}/GoogleToolboxForMac/GoogleToolboxForMac.framework",
				"${BUILT_PRODUCTS_DIR}/MBProgressHUD/MBProgressHUD.framework",
				"${BUILT_PRODUCTS_DIR}/leveldb-library/leveldb.framework",
				"${BUILT_PRODUCTS_DIR}/nanopb/nanopb.framework",
			);
			name = "[CP] Embed Pods Frameworks";
			outputPaths = (
				"${TARGET_BUILD_DIR}/${FRAMEWORKS_FOLDER_PATH}/GTMSessionFetcher.framework",
				"${TARGET_BUILD_DIR}/${FRAMEWORKS_FOLDER_PATH}/GoogleToolboxForMac.framework",
				"${TARGET_BUILD_DIR}/${FRAMEWORKS_FOLDER_PATH}/MBProgressHUD.framework",
				"${TARGET_BUILD_DIR}/${FRAMEWORKS_FOLDER_PATH}/leveldb.framework",
				"${TARGET_BUILD_DIR}/${FRAMEWORKS_FOLDER_PATH}/nanopb.framework",
			);
			runOnlyForDeploymentPostprocessing = 0;
			shellPath = /bin/sh;
			shellScript = "\"${SRCROOT}/Pods/Target Support Files/Pods-UberClone/Pods-UberClone-frameworks.sh\"\n";
			showEnvVarsInLog = 0;
		};
/* End PBXShellScriptBuildPhase section */

/* Begin PBXSourcesBuildPhase section */
		A90E3DFC20E824BF00716ED0 /* Sources */ = {
			isa = PBXSourcesBuildPhase;
			buildActionMask = 2147483647;
			files = (
				A903421120E9850900DA87F4 /* userLocationViewController.swift in Sources */,
				A9A9A6C620EED4A100AD0381 /* userRequestsTableViewController.swift in Sources */,
				A999642120E83437007D73C4 /* LoginViewController.swift in Sources */,
				A90E3E0620E824BF00716ED0 /* ViewController.swift in Sources */,
				A90E3E0420E824BF00716ED0 /* AppDelegate.swift in Sources */,
			);
			runOnlyForDeploymentPostprocessing = 0;
		};
/* End PBXSourcesBuildPhase section */

/* Begin PBXVariantGroup section */
		A90E3E0720E824BF00716ED0 /* Main.storyboard */ = {
			isa = PBXVariantGroup;
			children = (
				A90E3E0820E824BF00716ED0 /* Base */,
			);
			name = Main.storyboard;
			sourceTree = "<group>";
		};
		A90E3E0C20E824C100716ED0 /* LaunchScreen.storyboard */ = {
			isa = PBXVariantGroup;
			children = (
				A90E3E0D20E824C100716ED0 /* Base */,
			);
			name = LaunchScreen.storyboard;
			sourceTree = "<group>";
		};
/* End PBXVariantGroup section */

/* Begin XCBuildConfiguration section */
		A90E3E1020E824C100716ED0 /* Debug */ = {
			isa = XCBuildConfiguration;
			buildSettings = {
				ALWAYS_SEARCH_USER_PATHS = NO;
				CLANG_ANALYZER_NONNULL = YES;
				CLANG_ANALYZER_NUMBER_OBJECT_CONVERSION = YES_AGGRESSIVE;
				CLANG_CXX_LANGUAGE_STANDARD = "gnu++14";
				CLANG_CXX_LIBRARY = "libc++";
				CLANG_ENABLE_MODULES = YES;
				CLANG_ENABLE_OBJC_ARC = YES;
				CLANG_ENABLE_OBJC_WEAK = YES;
				CLANG_WARN_BLOCK_CAPTURE_AUTORELEASING = YES;
				CLANG_WARN_BOOL_CONVERSION = YES;
				CLANG_WARN_COMMA = YES;
				CLANG_WARN_CONSTANT_CONVERSION = YES;
				CLANG_WARN_DEPRECATED_OBJC_IMPLEMENTATIONS = YES;
				CLANG_WARN_DIRECT_OBJC_ISA_USAGE = YES_ERROR;
				CLANG_WARN_DOCUMENTATION_COMMENTS = YES;
				CLANG_WARN_EMPTY_BODY = YES;
				CLANG_WARN_ENUM_CONVERSION = YES;
				CLANG_WARN_INFINITE_RECURSION = YES;
				CLANG_WARN_INT_CONVERSION = YES;
				CLANG_WARN_NON_LITERAL_NULL_CONVERSION = YES;
				CLANG_WARN_OBJC_IMPLICIT_RETAIN_SELF = YES;
				CLANG_WARN_OBJC_LITERAL_CONVERSION = YES;
				CLANG_WARN_OBJC_ROOT_CLASS = YES_ERROR;
				CLANG_WARN_RANGE_LOOP_ANALYSIS = YES;
				CLANG_WARN_STRICT_PROTOTYPES = YES;
				CLANG_WARN_SUSPICIOUS_MOVE = YES;
				CLANG_WARN_UNGUARDED_AVAILABILITY = YES_AGGRESSIVE;
				CLANG_WARN_UNREACHABLE_CODE = YES;
				CLANG_WARN__DUPLICATE_METHOD_MATCH = YES;
				CODE_SIGN_IDENTITY = "iPhone Developer";
				COPY_PHASE_STRIP = NO;
				DEBUG_INFORMATION_FORMAT = dwarf;
				ENABLE_STRICT_OBJC_MSGSEND = YES;
				ENABLE_TESTABILITY = YES;
				GCC_C_LANGUAGE_STANDARD = gnu11;
				GCC_DYNAMIC_NO_PIC = NO;
				GCC_NO_COMMON_BLOCKS = YES;
				GCC_OPTIMIZATION_LEVEL = 0;
				GCC_PREPROCESSOR_DEFINITIONS = (
					"DEBUG=1",
					"$(inherited)",
				);
				GCC_WARN_64_TO_32_BIT_CONVERSION = YES;
				GCC_WARN_ABOUT_RETURN_TYPE = YES_ERROR;
				GCC_WARN_UNDECLARED_SELECTOR = YES;
				GCC_WARN_UNINITIALIZED_AUTOS = YES_AGGRESSIVE;
				GCC_WARN_UNUSED_FUNCTION = YES;
				GCC_WARN_UNUSED_VARIABLE = YES;
				IPHONEOS_DEPLOYMENT_TARGET = 11.4;
				MTL_ENABLE_DEBUG_INFO = YES;
				ONLY_ACTIVE_ARCH = YES;
				SDKROOT = iphoneos;
				SWIFT_ACTIVE_COMPILATION_CONDITIONS = DEBUG;
				SWIFT_OPTIMIZATION_LEVEL = "-Onone";
			};
			name = Debug;
		};
		A90E3E1120E824C100716ED0 /* Release */ = {
			isa = XCBuildConfiguration;
			buildSettings = {
				ALWAYS_SEARCH_USER_PATHS = NO;
				CLANG_ANALYZER_NONNULL = YES;
				CLANG_ANALYZER_NUMBER_OBJECT_CONVERSION = YES_AGGRESSIVE;
				CLANG_CXX_LANGUAGE_STANDARD = "gnu++14";
				CLANG_CXX_LIBRARY = "libc++";
				CLANG_ENABLE_MODULES = YES;
				CLANG_ENABLE_OBJC_ARC = YES;
				CLANG_ENABLE_OBJC_WEAK = YES;
				CLANG_WARN_BLOCK_CAPTURE_AUTORELEASING = YES;
				CLANG_WARN_BOOL_CONVERSION = YES;
				CLANG_WARN_COMMA = YES;
				CLANG_WARN_CONSTANT_CONVERSION = YES;
				CLANG_WARN_DEPRECATED_OBJC_IMPLEMENTATIONS = YES;
				CLANG_WARN_DIRECT_OBJC_ISA_USAGE = YES_ERROR;
				CLANG_WARN_DOCUMENTATION_COMMENTS = YES;
				CLANG_WARN_EMPTY_BODY = YES;
				CLANG_WARN_ENUM_CONVERSION = YES;
				CLANG_WARN_INFINITE_RECURSION = YES;
				CLANG_WARN_INT_CONVERSION = YES;
				CLANG_WARN_NON_LITERAL_NULL_CONVERSION = YES;
				CLANG_WARN_OBJC_IMPLICIT_RETAIN_SELF = YES;
				CLANG_WARN_OBJC_LITERAL_CONVERSION = YES;
				CLANG_WARN_OBJC_ROOT_CLASS = YES_ERROR;
				CLANG_WARN_RANGE_LOOP_ANALYSIS = YES;
				CLANG_WARN_STRICT_PROTOTYPES = YES;
				CLANG_WARN_SUSPICIOUS_MOVE = YES;
				CLANG_WARN_UNGUARDED_AVAILABILITY = YES_AGGRESSIVE;
				CLANG_WARN_UNREACHABLE_CODE = YES;
				CLANG_WARN__DUPLICATE_METHOD_MATCH = YES;
				CODE_SIGN_IDENTITY = "iPhone Developer";
				COPY_PHASE_STRIP = NO;
				DEBUG_INFORMATION_FORMAT = "dwarf-with-dsym";
				ENABLE_NS_ASSERTIONS = NO;
				ENABLE_STRICT_OBJC_MSGSEND = YES;
				GCC_C_LANGUAGE_STANDARD = gnu11;
				GCC_NO_COMMON_BLOCKS = YES;
				GCC_WARN_64_TO_32_BIT_CONVERSION = YES;
				GCC_WARN_ABOUT_RETURN_TYPE = YES_ERROR;
				GCC_WARN_UNDECLARED_SELECTOR = YES;
				GCC_WARN_UNINITIALIZED_AUTOS = YES_AGGRESSIVE;
				GCC_WARN_UNUSED_FUNCTION = YES;
				GCC_WARN_UNUSED_VARIABLE = YES;
				IPHONEOS_DEPLOYMENT_TARGET = 11.4;
				MTL_ENABLE_DEBUG_INFO = NO;
				SDKROOT = iphoneos;
				SWIFT_COMPILATION_MODE = wholemodule;
				SWIFT_OPTIMIZATION_LEVEL = "-O";
				VALIDATE_PRODUCT = YES;
			};
			name = Release;
		};
		A90E3E1320E824C100716ED0 /* Debug */ = {
			isa = XCBuildConfiguration;
			baseConfigurationReference = 1DFCF2563B16BF28A21B0780 /* Pods-UberClone.debug.xcconfig */;
			buildSettings = {
				ASSETCATALOG_COMPILER_APPICON_NAME = AppIcon;
				CODE_SIGN_STYLE = Automatic;
				DEVELOPMENT_TEAM = 8L5JSN4ZR3;
				INFOPLIST_FILE = UberClone/Info.plist;
				LD_RUNPATH_SEARCH_PATHS = (
					"$(inherited)",
					"@executable_path/Frameworks",
				);
				PRODUCT_BUNDLE_IDENTIFIER = com.myExpermentalApps.UberClone;
				PRODUCT_NAME = "$(TARGET_NAME)";
				SWIFT_VERSION = 4.2;
				TARGETED_DEVICE_FAMILY = "1,2";
			};
			name = Debug;
		};
		A90E3E1420E824C100716ED0 /* Release */ = {
			isa = XCBuildConfiguration;
			baseConfigurationReference = D98C7A8CF1D91EF7BCCFC633 /* Pods-UberClone.release.xcconfig */;
			buildSettings = {
				ASSETCATALOG_COMPILER_APPICON_NAME = AppIcon;
				CODE_SIGN_STYLE = Automatic;
				DEVELOPMENT_TEAM = 8L5JSN4ZR3;
				INFOPLIST_FILE = UberClone/Info.plist;
				LD_RUNPATH_SEARCH_PATHS = (
					"$(inherited)",
					"@executable_path/Frameworks",
				);
				PRODUCT_BUNDLE_IDENTIFIER = com.myExpermentalApps.UberClone;
				PRODUCT_NAME = "$(TARGET_NAME)";
				SWIFT_VERSION = 4.2;
				TARGETED_DEVICE_FAMILY = "1,2";
			};
			name = Release;
		};
/* End XCBuildConfiguration section */

/* Begin XCConfigurationList section */
		A90E3DFB20E824BF00716ED0 /* Build configuration list for PBXProject "UberClone" */ = {
			isa = XCConfigurationList;
			buildConfigurations = (
				A90E3E1020E824C100716ED0 /* Debug */,
				A90E3E1120E824C100716ED0 /* Release */,
			);
			defaultConfigurationIsVisible = 0;
			defaultConfigurationName = Release;
		};
		A90E3E1220E824C100716ED0 /* Build configuration list for PBXNativeTarget "UberClone" */ = {
			isa = XCConfigurationList;
			buildConfigurations = (
				A90E3E1320E824C100716ED0 /* Debug */,
				A90E3E1420E824C100716ED0 /* Release */,
			);
			defaultConfigurationIsVisible = 0;
			defaultConfigurationName = Release;
		};
/* End XCConfigurationList section */
	};
	rootObject = A90E3DF820E824BF00716ED0 /* Project object */;
}
